
Microsoft Visual Studio Solution File, Format Version 12.00
# Visual Studio 14
VisualStudioVersion = 14.0.25420.1
MinimumVisualStudioVersion = 10.0.40219.1
Project("{8BC9CEB8-8B4A-11D0-8D11-00A0C91BC942}") = "SolidAngle", "Engine\Build\SolidAngle.vcxproj", "{669FD926-7A8E-490D-9DEA-D050FBFC4CCE}"
	ProjectSection(ProjectDependencies) = postProject
		{B15F131E-328A-4D42-ADC2-9FF4CA6306D8} = {B15F131E-328A-4D42-ADC2-9FF4CA6306D8}
	EndProjectSection
EndProject
Project("{2150E333-8FDC-42A3-9474-1A3956D46DE8}") = "Engine", "Engine", "{FEC233B2-29E1-418A-AA71-92A25BE7EE6D}"
EndProject
Project("{2150E333-8FDC-42A3-9474-1A3956D46DE8}") = "SolidAngleThirdParty", "SolidAngleThirdParty", "{84A5529A-3DE9-44C9-BEC4-6A9B44404DBF}"
EndProject
Project("{8BC9CEB8-8B4A-11D0-8D11-00A0C91BC942}") = "tbbmalloc", "Engine\Source\ThirdParty\IntelTBB\tbb-2017_U5\build\vs2012\tbbmalloc.vcxproj", "{B15F131E-328A-4D42-ADC2-9FF4CA6306D8}"
EndProject
Global
	GlobalSection(SolutionConfigurationPlatforms) = preSolution
		Debug|x64 = Debug|x64
		Debug|x86 = Debug|x86
		Release|x64 = Release|x64
		Release|x86 = Release|x86
	EndGlobalSection
	GlobalSection(ProjectConfigurationPlatforms) = postSolution
		{669FD926-7A8E-490D-9DEA-D050FBFC4CCE}.Debug|x64.ActiveCfg = Debug|x64
		{669FD926-7A8E-490D-9DEA-D050FBFC4CCE}.Debug|x64.Build.0 = Debug|x64
		{669FD926-7A8E-490D-9DEA-D050FBFC4CCE}.Debug|x86.ActiveCfg = Debug|Win32
		{669FD926-7A8E-490D-9DEA-D050FBFC4CCE}.Debug|x86.Build.0 = Debug|Win32
		{669FD926-7A8E-490D-9DEA-D050FBFC4CCE}.Release|x64.ActiveCfg = Release|x64
		{669FD926-7A8E-490D-9DEA-D050FBFC4CCE}.Release|x64.Build.0 = Release|x64
		{669FD926-7A8E-490D-9DEA-D050FBFC4CCE}.Release|x86.ActiveCfg = Release|Win32
		{669FD926-7A8E-490D-9DEA-D050FBFC4CCE}.Release|x86.Build.0 = Release|Win32
		{B15F131E-328A-4D42-ADC2-9FF4CA6306D8}.Debug|x64.ActiveCfg = Debug|x64
		{B15F131E-328A-4D42-ADC2-9FF4CA6306D8}.Debug|x64.Build.0 = Debug|x64
		{B15F131E-328A-4D42-ADC2-9FF4CA6306D8}.Debug|x86.ActiveCfg = Debug|Win32
		{B15F131E-328A-4D42-ADC2-9FF4CA6306D8}.Debug|x86.Build.0 = Debug|Win32
		{B15F131E-328A-4D42-ADC2-9FF4CA6306D8}.Release|x64.ActiveCfg = Release|x64
		{B15F131E-328A-4D42-ADC2-9FF4CA6306D8}.Release|x64.Build.0 = Release|x64
		{B15F131E-328A-4D42-ADC2-9FF4CA6306D8}.Release|x86.ActiveCfg = Release|Win32
		{B15F131E-328A-4D42-ADC2-9FF4CA6306D8}.Release|x86.Build.0 = Release|Win32
	EndGlobalSection
	GlobalSection(SolutionProperties) = preSolution
		HideSolutionNode = FALSE
	EndGlobalSection
	GlobalSection(NestedProjects) = preSolution
		{669FD926-7A8E-490D-9DEA-D050FBFC4CCE} = {FEC233B2-29E1-418A-AA71-92A25BE7EE6D}
		{84A5529A-3DE9-44C9-BEC4-6A9B44404DBF} = {FEC233B2-29E1-418A-AA71-92A25BE7EE6D}
		{B15F131E-328A-4D42-ADC2-9FF4CA6306D8} = {84A5529A-3DE9-44C9-BEC4-6A9B44404DBF}
	EndGlobalSection
EndGlobal
