
Microsoft Visual Studio Solution File, Format Version 12.00
# Visual Studio 14
VisualStudioVersion = 14.0.25420.1
MinimumVisualStudioVersion = 10.0.40219.1
Project("{8BC9CEB8-8B4A-11D0-8D11-00A0C91BC942}") = "SolidAngle", "Engine\Build\SolidAngle.vcxproj", "{669FD926-7A8E-490D-9DEA-D050FBFC4CCE}"
	ProjectSection(ProjectDependencies) = postProject
		{B15F131E-328A-4D42-ADC2-9FF4CA6306D8} = {B15F131E-328A-4D42-ADC2-9FF4CA6306D8}
	EndProjectSection
EndProject
Project("{2150E333-8FDC-42A3-9474-1A3956D46DE8}") = "Engine", "Engine", "{FEC233B2-29E1-418A-AA71-92A25BE7EE6D}"
EndProject
Project("{2150E333-8FDC-42A3-9474-1A3956D46DE8}") = "SolidAngleThirdParty", "SolidAngleThirdParty", "{84A5529A-3DE9-44C9-BEC4-6A9B44404DBF}"
EndProject
Project("{8BC9CEB8-8B4A-11D0-8D11-00A0C91BC942}") = "tbbmalloc", "Engine\Source\ThirdParty\IntelTBB\tbb-2017_U5\build\vs2012\tbbmalloc.vcxproj", "{B15F131E-328A-4D42-ADC2-9FF4CA6306D8}"
EndProject
Project("{8BC9CEB8-8B4A-11D0-8D11-00A0C91BC942}") = "Test", "Engine\Build\Test.vcxproj", "{68B9DDA6-CCB3-4D51-8048-22C6B88C0BA2}"
	ProjectSection(ProjectDependencies) = postProject
		{669FD926-7A8E-490D-9DEA-D050FBFC4CCE} = {669FD926-7A8E-490D-9DEA-D050FBFC4CCE}
	EndProjectSection
EndProject
Project("{8BC9CEB8-8B4A-11D0-8D11-00A0C91BC942}") = "Fbx", "Engine\Build\Fbx.vcxproj", "{83865EC4-A829-4524-A78A-8B2A3DF9871B}"
EndProject
Project("{8BC9CEB8-8B4A-11D0-8D11-00A0C91BC942}") = "FbxRender", "Engine\Build\FbxRender.vcxproj", "{B92952EB-8583-4AD7-B555-A7DA7F2D5D79}"
	ProjectSection(ProjectDependencies) = postProject
		{B15F131E-328A-4D42-ADC2-9FF4CA6306D8} = {B15F131E-328A-4D42-ADC2-9FF4CA6306D8}
		{669FD926-7A8E-490D-9DEA-D050FBFC4CCE} = {669FD926-7A8E-490D-9DEA-D050FBFC4CCE}
		{371B9FA9-4C90-4AC6-A123-ACED756D6C77} = {371B9FA9-4C90-4AC6-A123-ACED756D6C77}
	EndProjectSection
EndProject
Project("{8BC9CEB8-8B4A-11D0-8D11-00A0C91BC942}") = "DirectXTex", "Engine\Source\ThirdParty\DirectXTex\DirectXTex\DirectXTex_Desktop_2015.vcxproj", "{371B9FA9-4C90-4AC6-A123-ACED756D6C77}"
EndProject
Project("{8BC9CEB8-8B4A-11D0-8D11-00A0C91BC942}") = "RHI", "Engine\Build\RHI.vcxproj", "{1ED89C24-3B20-4B44-A274-17EC14F8AD6D}"
	ProjectSection(ProjectDependencies) = postProject
		{B15F131E-328A-4D42-ADC2-9FF4CA6306D8} = {B15F131E-328A-4D42-ADC2-9FF4CA6306D8}
		{669FD926-7A8E-490D-9DEA-D050FBFC4CCE} = {669FD926-7A8E-490D-9DEA-D050FBFC4CCE}
	EndProjectSection
EndProject
Project("{8BC9CEB8-8B4A-11D0-8D11-00A0C91BC942}") = "FbxResearch01", "Engine\Build\FbxResearch01.vcxproj", "{1626D562-E40A-45B6-BF64-759B88D613AA}"
	ProjectSection(ProjectDependencies) = postProject
		{669FD926-7A8E-490D-9DEA-D050FBFC4CCE} = {669FD926-7A8E-490D-9DEA-D050FBFC4CCE}
	EndProjectSection
EndProject
Project("{8BC9CEB8-8B4A-11D0-8D11-00A0C91BC942}") = "RenderCore", "Engine\Build\RenderCore.vcxproj", "{CEF99A2C-9FA2-46D2-86FC-24BF8FDF25A3}"
EndProject
Global
	GlobalSection(SolutionConfigurationPlatforms) = preSolution
		Debug|x64 = Debug|x64
		Debug|x86 = Debug|x86
		Release|x64 = Release|x64
		Release|x86 = Release|x86
	EndGlobalSection
	GlobalSection(ProjectConfigurationPlatforms) = postSolution
		{669FD926-7A8E-490D-9DEA-D050FBFC4CCE}.Debug|x64.ActiveCfg = Debug|x64
		{669FD926-7A8E-490D-9DEA-D050FBFC4CCE}.Debug|x64.Build.0 = Debug|x64
		{669FD926-7A8E-490D-9DEA-D050FBFC4CCE}.Debug|x86.ActiveCfg = Debug|Win32
		{669FD926-7A8E-490D-9DEA-D050FBFC4CCE}.Debug|x86.Build.0 = Debug|Win32
		{669FD926-7A8E-490D-9DEA-D050FBFC4CCE}.Release|x64.ActiveCfg = Release|x64
		{669FD926-7A8E-490D-9DEA-D050FBFC4CCE}.Release|x64.Build.0 = Release|x64
		{669FD926-7A8E-490D-9DEA-D050FBFC4CCE}.Release|x86.ActiveCfg = Release|Win32
		{669FD926-7A8E-490D-9DEA-D050FBFC4CCE}.Release|x86.Build.0 = Release|Win32
		{B15F131E-328A-4D42-ADC2-9FF4CA6306D8}.Debug|x64.ActiveCfg = Debug|x64
		{B15F131E-328A-4D42-ADC2-9FF4CA6306D8}.Debug|x64.Build.0 = Debug|x64
		{B15F131E-328A-4D42-ADC2-9FF4CA6306D8}.Debug|x86.ActiveCfg = Debug|Win32
		{B15F131E-328A-4D42-ADC2-9FF4CA6306D8}.Debug|x86.Build.0 = Debug|Win32
		{B15F131E-328A-4D42-ADC2-9FF4CA6306D8}.Release|x64.ActiveCfg = Release|x64
		{B15F131E-328A-4D42-ADC2-9FF4CA6306D8}.Release|x64.Build.0 = Release|x64
		{B15F131E-328A-4D42-ADC2-9FF4CA6306D8}.Release|x86.ActiveCfg = Release|Win32
		{B15F131E-328A-4D42-ADC2-9FF4CA6306D8}.Release|x86.Build.0 = Release|Win32
		{68B9DDA6-CCB3-4D51-8048-22C6B88C0BA2}.Debug|x64.ActiveCfg = Debug|x64
		{68B9DDA6-CCB3-4D51-8048-22C6B88C0BA2}.Debug|x64.Build.0 = Debug|x64
		{68B9DDA6-CCB3-4D51-8048-22C6B88C0BA2}.Debug|x86.ActiveCfg = Debug|Win32
		{68B9DDA6-CCB3-4D51-8048-22C6B88C0BA2}.Debug|x86.Build.0 = Debug|Win32
		{68B9DDA6-CCB3-4D51-8048-22C6B88C0BA2}.Release|x64.ActiveCfg = Release|x64
		{68B9DDA6-CCB3-4D51-8048-22C6B88C0BA2}.Release|x64.Build.0 = Release|x64
		{68B9DDA6-CCB3-4D51-8048-22C6B88C0BA2}.Release|x86.ActiveCfg = Release|Win32
		{68B9DDA6-CCB3-4D51-8048-22C6B88C0BA2}.Release|x86.Build.0 = Release|Win32
		{83865EC4-A829-4524-A78A-8B2A3DF9871B}.Debug|x64.ActiveCfg = Debug|x64
		{83865EC4-A829-4524-A78A-8B2A3DF9871B}.Debug|x64.Build.0 = Debug|x64
		{83865EC4-A829-4524-A78A-8B2A3DF9871B}.Debug|x86.ActiveCfg = Debug|Win32
		{83865EC4-A829-4524-A78A-8B2A3DF9871B}.Debug|x86.Build.0 = Debug|Win32
		{83865EC4-A829-4524-A78A-8B2A3DF9871B}.Release|x64.ActiveCfg = Release|x64
		{83865EC4-A829-4524-A78A-8B2A3DF9871B}.Release|x64.Build.0 = Release|x64
		{83865EC4-A829-4524-A78A-8B2A3DF9871B}.Release|x86.ActiveCfg = Release|Win32
		{83865EC4-A829-4524-A78A-8B2A3DF9871B}.Release|x86.Build.0 = Release|Win32
		{B92952EB-8583-4AD7-B555-A7DA7F2D5D79}.Debug|x64.ActiveCfg = Debug|x64
		{B92952EB-8583-4AD7-B555-A7DA7F2D5D79}.Debug|x64.Build.0 = Debug|x64
		{B92952EB-8583-4AD7-B555-A7DA7F2D5D79}.Debug|x86.ActiveCfg = Debug|Win32
		{B92952EB-8583-4AD7-B555-A7DA7F2D5D79}.Debug|x86.Build.0 = Debug|Win32
		{B92952EB-8583-4AD7-B555-A7DA7F2D5D79}.Release|x64.ActiveCfg = Release|x64
		{B92952EB-8583-4AD7-B555-A7DA7F2D5D79}.Release|x64.Build.0 = Release|x64
		{B92952EB-8583-4AD7-B555-A7DA7F2D5D79}.Release|x86.ActiveCfg = Release|Win32
		{B92952EB-8583-4AD7-B555-A7DA7F2D5D79}.Release|x86.Build.0 = Release|Win32
		{371B9FA9-4C90-4AC6-A123-ACED756D6C77}.Debug|x64.ActiveCfg = Debug|x64
		{371B9FA9-4C90-4AC6-A123-ACED756D6C77}.Debug|x64.Build.0 = Debug|x64
		{371B9FA9-4C90-4AC6-A123-ACED756D6C77}.Debug|x86.ActiveCfg = Debug|Win32
		{371B9FA9-4C90-4AC6-A123-ACED756D6C77}.Debug|x86.Build.0 = Debug|Win32
		{371B9FA9-4C90-4AC6-A123-ACED756D6C77}.Release|x64.ActiveCfg = Release|x64
		{371B9FA9-4C90-4AC6-A123-ACED756D6C77}.Release|x64.Build.0 = Release|x64
		{371B9FA9-4C90-4AC6-A123-ACED756D6C77}.Release|x86.ActiveCfg = Release|Win32
		{371B9FA9-4C90-4AC6-A123-ACED756D6C77}.Release|x86.Build.0 = Release|Win32
		{1ED89C24-3B20-4B44-A274-17EC14F8AD6D}.Debug|x64.ActiveCfg = Debug|x64
		{1ED89C24-3B20-4B44-A274-17EC14F8AD6D}.Debug|x64.Build.0 = Debug|x64
		{1ED89C24-3B20-4B44-A274-17EC14F8AD6D}.Debug|x86.ActiveCfg = Debug|Win32
		{1ED89C24-3B20-4B44-A274-17EC14F8AD6D}.Debug|x86.Build.0 = Debug|Win32
		{1ED89C24-3B20-4B44-A274-17EC14F8AD6D}.Release|x64.ActiveCfg = Release|x64
		{1ED89C24-3B20-4B44-A274-17EC14F8AD6D}.Release|x64.Build.0 = Release|x64
		{1ED89C24-3B20-4B44-A274-17EC14F8AD6D}.Release|x86.ActiveCfg = Release|Win32
		{1ED89C24-3B20-4B44-A274-17EC14F8AD6D}.Release|x86.Build.0 = Release|Win32
		{1626D562-E40A-45B6-BF64-759B88D613AA}.Debug|x64.ActiveCfg = Debug|x64
		{1626D562-E40A-45B6-BF64-759B88D613AA}.Debug|x64.Build.0 = Debug|x64
		{1626D562-E40A-45B6-BF64-759B88D613AA}.Debug|x86.ActiveCfg = Debug|Win32
		{1626D562-E40A-45B6-BF64-759B88D613AA}.Debug|x86.Build.0 = Debug|Win32
		{1626D562-E40A-45B6-BF64-759B88D613AA}.Release|x64.ActiveCfg = Release|x64
		{1626D562-E40A-45B6-BF64-759B88D613AA}.Release|x64.Build.0 = Release|x64
		{1626D562-E40A-45B6-BF64-759B88D613AA}.Release|x86.ActiveCfg = Release|Win32
		{1626D562-E40A-45B6-BF64-759B88D613AA}.Release|x86.Build.0 = Release|Win32
		{CEF99A2C-9FA2-46D2-86FC-24BF8FDF25A3}.Debug|x64.ActiveCfg = Debug|x64
		{CEF99A2C-9FA2-46D2-86FC-24BF8FDF25A3}.Debug|x64.Build.0 = Debug|x64
		{CEF99A2C-9FA2-46D2-86FC-24BF8FDF25A3}.Debug|x86.ActiveCfg = Debug|Win32
		{CEF99A2C-9FA2-46D2-86FC-24BF8FDF25A3}.Debug|x86.Build.0 = Debug|Win32
		{CEF99A2C-9FA2-46D2-86FC-24BF8FDF25A3}.Release|x64.ActiveCfg = Release|x64
		{CEF99A2C-9FA2-46D2-86FC-24BF8FDF25A3}.Release|x64.Build.0 = Release|x64
		{CEF99A2C-9FA2-46D2-86FC-24BF8FDF25A3}.Release|x86.ActiveCfg = Release|Win32
		{CEF99A2C-9FA2-46D2-86FC-24BF8FDF25A3}.Release|x86.Build.0 = Release|Win32
	EndGlobalSection
	GlobalSection(SolutionProperties) = preSolution
		HideSolutionNode = FALSE
	EndGlobalSection
	GlobalSection(NestedProjects) = preSolution
		{669FD926-7A8E-490D-9DEA-D050FBFC4CCE} = {FEC233B2-29E1-418A-AA71-92A25BE7EE6D}
		{84A5529A-3DE9-44C9-BEC4-6A9B44404DBF} = {FEC233B2-29E1-418A-AA71-92A25BE7EE6D}
		{B15F131E-328A-4D42-ADC2-9FF4CA6306D8} = {84A5529A-3DE9-44C9-BEC4-6A9B44404DBF}
		{83865EC4-A829-4524-A78A-8B2A3DF9871B} = {84A5529A-3DE9-44C9-BEC4-6A9B44404DBF}
		{371B9FA9-4C90-4AC6-A123-ACED756D6C77} = {84A5529A-3DE9-44C9-BEC4-6A9B44404DBF}
		{1ED89C24-3B20-4B44-A274-17EC14F8AD6D} = {FEC233B2-29E1-418A-AA71-92A25BE7EE6D}
		{1626D562-E40A-45B6-BF64-759B88D613AA} = {FEC233B2-29E1-418A-AA71-92A25BE7EE6D}
		{CEF99A2C-9FA2-46D2-86FC-24BF8FDF25A3} = {FEC233B2-29E1-418A-AA71-92A25BE7EE6D}
	EndGlobalSection
EndGlobal
